// !$*UTF8*$!
{
	archiveVersion = 1;
	classes = {
	};
	objectVersion = 77;
	objects = {

/* Begin PBXBuildFile section */
		44265D412E2E699200450F72 /* CodeEditor in Frameworks */ = {isa = PBXBuildFile; productRef = 44265D402E2E699200450F72 /* CodeEditor */; };
/* End PBXBuildFile section */

/* Begin PBXContainerItemProxy section */
		44265D232E2E68B000450F72 /* PBXContainerItemProxy */ = {
			isa = PBXContainerItemProxy;
			containerPortal = 44265D0C2E2E68AF00450F72 /* Project object */;
			proxyType = 1;
			remoteGlobalIDString = 44265D132E2E68AF00450F72;
			remoteInfo = "Plain Editor";
		};
		44265D2D2E2E68B000450F72 /* PBXContainerItemProxy */ = {
			isa = PBXContainerItemProxy;
			containerPortal = 44265D0C2E2E68AF00450F72 /* Project object */;
			proxyType = 1;
			remoteGlobalIDString = 44265D132E2E68AF00450F72;
			remoteInfo = "Plain Editor";
		};
/* End PBXContainerItemProxy section */

/* Begin PBXFileReference section */
		44265D142E2E68AF00450F72 /* Plain Editor.app */ = {isa = PBXFileReference; explicitFileType = wrapper.application; includeInIndex = 0; path = "Plain Editor.app"; sourceTree = BUILT_PRODUCTS_DIR; };
		44265D222E2E68B000450F72 /* Plain EditorTests.xctest */ = {isa = PBXFileReference; explicitFileType = wrapper.cfbundle; includeInIndex = 0; path = "Plain EditorTests.xctest"; sourceTree = BUILT_PRODUCTS_DIR; };
		44265D2C2E2E68B000450F72 /* Plain EditorUITests.xctest */ = {isa = PBXFileReference; explicitFileType = wrapper.cfbundle; includeInIndex = 0; path = "Plain EditorUITests.xctest"; sourceTree = BUILT_PRODUCTS_DIR; };
/* End PBXFileReference section */

/* Begin PBXFileSystemSynchronizedRootGroup section */
		44265D162E2E68AF00450F72 /* Plain Editor */ = {
			isa = PBXFileSystemSynchronizedRootGroup;
			path = "Plain Editor";
			sourceTree = "<group>";
		};
		44265D252E2E68B000450F72 /* Plain EditorTests */ = {
			isa = PBXFileSystemSynchronizedRootGroup;
			path = "Plain EditorTests";
			sourceTree = "<group>";
		};
		44265D2F2E2E68B000450F72 /* Plain EditorUITests */ = {
			isa = PBXFileSystemSynchronizedRootGroup;
			path = "Plain EditorUITests";
			sourceTree = "<group>";
		};
/* End PBXFileSystemSynchronizedRootGroup section */

/* Begin PBXFrameworksBuildPhase section */
		44265D112E2E68AF00450F72 /* Frameworks */ = {
			isa = PBXFrameworksBuildPhase;
			buildActionMask = 2147483647;
			files = (
				44265D412E2E699200450F72 /* CodeEditor in Frameworks */,
			);
			runOnlyForDeploymentPostprocessing = 0;
		};
		44265D1F2E2E68B000450F72 /* Frameworks */ = {
			isa = PBXFrameworksBuildPhase;
			buildActionMask = 2147483647;
			files = (
			);
			runOnlyForDeploymentPostprocessing = 0;
		};
		44265D292E2E68B000450F72 /* Frameworks */ = {
			isa = PBXFrameworksBuildPhase;
			buildActionMask = 2147483647;
			files = (
			);
			runOnlyForDeploymentPostprocessing = 0;
		};
/* End PBXFrameworksBuildPhase section */

/* Begin PBXGroup section */
		44265D0B2E2E68AF00450F72 = {
			isa = PBXGroup;
			children = (
				44265D162E2E68AF00450F72 /* Plain Editor */,
				44265D252E2E68B000450F72 /* Plain EditorTests */,
				44265D2F2E2E68B000450F72 /* Plain EditorUITests */,
				44265D152E2E68AF00450F72 /* Products */,
			);
			sourceTree = "<group>";
		};
		44265D152E2E68AF00450F72 /* Products */ = {
			isa = PBXGroup;
			children = (
				44265D142E2E68AF00450F72 /* Plain Editor.app */,
				44265D222E2E68B000450F72 /* Plain EditorTests.xctest */,
				44265D2C2E2E68B000450F72 /* Plain EditorUITests.xctest */,
			);
			name = Products;
			sourceTree = "<group>";
		};
/* End PBXGroup section */

/* Begin PBXNativeTarget section */
		44265D132E2E68AF00450F72 /* Plain Editor */ = {
			isa = PBXNativeTarget;
			buildConfigurationList = 44265D362E2E68B000450F72 /* Build configuration list for PBXNativeTarget "Plain Editor" */;
			buildPhases = (
				44265D102E2E68AF00450F72 /* Sources */,
				44265D112E2E68AF00450F72 /* Frameworks */,
				44265D122E2E68AF00450F72 /* Resources */,
			);
			buildRules = (
			);
			dependencies = (
			);
			fileSystemSynchronizedGroups = (
				44265D162E2E68AF00450F72 /* Plain Editor */,
			);
			name = "Plain Editor";
			packageProductDependencies = (
				44265D402E2E699200450F72 /* CodeEditor */,
			);
			productName = "Plain Editor";
			productReference = 44265D142E2E68AF00450F72 /* Plain Editor.app */;
			productType = "com.apple.product-type.application";
		};
		44265D212E2E68B000450F72 /* Plain EditorTests */ = {
			isa = PBXNativeTarget;
			buildConfigurationList = 44265D392E2E68B000450F72 /* Build configuration list for PBXNativeTarget "Plain EditorTests" */;
			buildPhases = (
				44265D1E2E2E68B000450F72 /* Sources */,
				44265D1F2E2E68B000450F72 /* Frameworks */,
				44265D202E2E68B000450F72 /* Resources */,
			);
			buildRules = (
			);
			dependencies = (
				44265D242E2E68B000450F72 /* PBXTargetDependency */,
			);
			fileSystemSynchronizedGroups = (
				44265D252E2E68B000450F72 /* Plain EditorTests */,
			);
			name = "Plain EditorTests";
			packageProductDependencies = (
			);
			productName = "Plain EditorTests";
			productReference = 44265D222E2E68B000450F72 /* Plain EditorTests.xctest */;
			productType = "com.apple.product-type.bundle.unit-test";
		};
		44265D2B2E2E68B000450F72 /* Plain EditorUITests */ = {
			isa = PBXNativeTarget;
			buildConfigurationList = 44265D3C2E2E68B000450F72 /* Build configuration list for PBXNativeTarget "Plain EditorUITests" */;
			buildPhases = (
				44265D282E2E68B000450F72 /* Sources */,
				44265D292E2E68B000450F72 /* Frameworks */,
				44265D2A2E2E68B000450F72 /* Resources */,
			);
			buildRules = (
			);
			dependencies = (
				44265D2E2E2E68B000450F72 /* PBXTargetDependency */,
			);
			fileSystemSynchronizedGroups = (
				44265D2F2E2E68B000450F72 /* Plain EditorUITests */,
			);
			name = "Plain EditorUITests";
			packageProductDependencies = (
			);
			productName = "Plain EditorUITests";
			productReference = 44265D2C2E2E68B000450F72 /* Plain EditorUITests.xctest */;
			productType = "com.apple.product-type.bundle.ui-testing";
		};
/* End PBXNativeTarget section */

/* Begin PBXProject section */
		44265D0C2E2E68AF00450F72 /* Project object */ = {
			isa = PBXProject;
			attributes = {
				BuildIndependentTargetsInParallel = 1;
				LastSwiftUpdateCheck = 1640;
				LastUpgradeCheck = 1640;
				TargetAttributes = {
					44265D132E2E68AF00450F72 = {
						CreatedOnToolsVersion = 16.4;
					};
					44265D212E2E68B000450F72 = {
						CreatedOnToolsVersion = 16.4;
						TestTargetID = 44265D132E2E68AF00450F72;
					};
					44265D2B2E2E68B000450F72 = {
						CreatedOnToolsVersion = 16.4;
						TestTargetID = 44265D132E2E68AF00450F72;
					};
				};
			};
			buildConfigurationList = 44265D0F2E2E68AF00450F72 /* Build configuration list for PBXProject "Plain Editor" */;
			developmentRegion = en;
			hasScannedForEncodings = 0;
			knownRegions = (
				en,
				Base,
			);
			mainGroup = 44265D0B2E2E68AF00450F72;
			minimizedProjectReferenceProxies = 1;
			packageReferences = (
				44265D3F2E2E699200450F72 /* XCRemoteSwiftPackageReference "CodeEditor" */,
			);
			preferredProjectObjectVersion = 77;
			productRefGroup = 44265D152E2E68AF00450F72 /* Products */;
			projectDirPath = "";
			projectRoot = "";
			targets = (
				44265D132E2E68AF00450F72 /* Plain Editor */,
				44265D212E2E68B000450F72 /* Plain EditorTests */,
				44265D2B2E2E68B000450F72 /* Plain EditorUITests */,
			);
		};
/* End PBXProject section */

/* Begin PBXResourcesBuildPhase section */
		44265D122E2E68AF00450F72 /* Resources */ = {
			isa = PBXResourcesBuildPhase;
			buildActionMask = 2147483647;
			files = (
			);
			runOnlyForDeploymentPostprocessing = 0;
		};
		44265D202E2E68B000450F72 /* Resources */ = {
			isa = PBXResourcesBuildPhase;
			buildActionMask = 2147483647;
			files = (
			);
			runOnlyForDeploymentPostprocessing = 0;
		};
		44265D2A2E2E68B000450F72 /* Resources */ = {
			isa = PBXResourcesBuildPhase;
			buildActionMask = 2147483647;
			files = (
			);
			runOnlyForDeploymentPostprocessing = 0;
		};
/* End PBXResourcesBuildPhase section */

/* Begin PBXSourcesBuildPhase section */
		44265D102E2E68AF00450F72 /* Sources */ = {
			isa = PBXSourcesBuildPhase;
			buildActionMask = 2147483647;
			files = (
			);
			runOnlyForDeploymentPostprocessing = 0;
		};
		44265D1E2E2E68B000450F72 /* Sources */ = {
			isa = PBXSourcesBuildPhase;
			buildActionMask = 2147483647;
			files = (
			);
			runOnlyForDeploymentPostprocessing = 0;
		};
		44265D282E2E68B000450F72 /* Sources */ = {
			isa = PBXSourcesBuildPhase;
			buildActionMask = 2147483647;
			files = (
			);
			runOnlyForDeploymentPostprocessing = 0;
		};
/* End PBXSourcesBuildPhase section */

/* Begin PBXTargetDependency section */
		44265D242E2E68B000450F72 /* PBXTargetDependency */ = {
			isa = PBXTargetDependency;
			target = 44265D132E2E68AF00450F72 /* Plain Editor */;
			targetProxy = 44265D232E2E68B000450F72 /* PBXContainerItemProxy */;
		};
		44265D2E2E2E68B000450F72 /* PBXTargetDependency */ = {
			isa = PBXTargetDependency;
			target = 44265D132E2E68AF00450F72 /* Plain Editor */;
			targetProxy = 44265D2D2E2E68B000450F72 /* PBXContainerItemProxy */;
		};
/* End PBXTargetDependency section */

/* Begin XCBuildConfiguration section */
		44265D342E2E68B000450F72 /* Debug */ = {
			isa = XCBuildConfiguration;
			buildSettings = {
				ALWAYS_SEARCH_USER_PATHS = NO;
				ASSETCATALOG_COMPILER_GENERATE_SWIFT_ASSET_SYMBOL_EXTENSIONS = YES;
				CLANG_ANALYZER_NONNULL = YES;
				CLANG_ANALYZER_NUMBER_OBJECT_CONVERSION = YES_AGGRESSIVE;
				CLANG_CXX_LANGUAGE_STANDARD = "gnu++20";
				CLANG_ENABLE_MODULES = YES;
				CLANG_ENABLE_OBJC_ARC = YES;
				CLANG_ENABLE_OBJC_WEAK = YES;
				CLANG_WARN_BLOCK_CAPTURE_AUTORELEASING = YES;
				CLANG_WARN_BOOL_CONVERSION = YES;
				CLANG_WARN_COMMA = YES;
				CLANG_WARN_CONSTANT_CONVERSION = YES;
				CLANG_WARN_DEPRECATED_OBJC_IMPLEMENTATIONS = YES;
				CLANG_WARN_DIRECT_OBJC_ISA_USAGE = YES_ERROR;
				CLANG_WARN_DOCUMENTATION_COMMENTS = YES;
				CLANG_WARN_EMPTY_BODY = YES;
				CLANG_WARN_ENUM_CONVERSION = YES;
				CLANG_WARN_INFINITE_RECURSION = YES;
				CLANG_WARN_INT_CONVERSION = YES;
				CLANG_WARN_NON_LITERAL_NULL_CONVERSION = YES;
				CLANG_WARN_OBJC_IMPLICIT_RETAIN_SELF = YES;
				CLANG_WARN_OBJC_LITERAL_CONVERSION = YES;
				CLANG_WARN_OBJC_ROOT_CLASS = YES_ERROR;
				CLANG_WARN_QUOTED_INCLUDE_IN_FRAMEWORK_HEADER = YES;
				CLANG_WARN_RANGE_LOOP_ANALYSIS = YES;
				CLANG_WARN_STRICT_PROTOTYPES = YES;
				CLANG_WARN_SUSPICIOUS_MOVE = YES;
				CLANG_WARN_UNGUARDED_AVAILABILITY = YES_AGGRESSIVE;
				CLANG_WARN_UNREACHABLE_CODE = YES;
				CLANG_WARN__DUPLICATE_METHOD_MATCH = YES;
				COPY_PHASE_STRIP = NO;
				DEBUG_INFORMATION_FORMAT = dwarf;
				ENABLE_STRICT_OBJC_MSGSEND = YES;
				ENABLE_TESTABILITY = YES;
				ENABLE_USER_SCRIPT_SANDBOXING = YES;
				GCC_C_LANGUAGE_STANDARD = gnu17;
				GCC_DYNAMIC_NO_PIC = NO;
				GCC_NO_COMMON_BLOCKS = YES;
				GCC_OPTIMIZATION_LEVEL = 0;
				GCC_PREPROCESSOR_DEFINITIONS = (
					"DEBUG=1",
					"$(inherited)",
				);
				GCC_WARN_64_TO_32_BIT_CONVERSION = YES;
				GCC_WARN_ABOUT_RETURN_TYPE = YES_ERROR;
				GCC_WARN_UNDECLARED_SELECTOR = YES;
				GCC_WARN_UNINITIALIZED_AUTOS = YES_AGGRESSIVE;
				GCC_WARN_UNUSED_FUNCTION = YES;
				GCC_WARN_UNUSED_VARIABLE = YES;
				LOCALIZATION_PREFERS_STRING_CATALOGS = YES;
				MACOSX_DEPLOYMENT_TARGET = 15.5;
				MTL_ENABLE_DEBUG_INFO = INCLUDE_SOURCE;
				MTL_FAST_MATH = YES;
				ONLY_ACTIVE_ARCH = YES;
				SDKROOT = macosx;
				SWIFT_ACTIVE_COMPILATION_CONDITIONS = "DEBUG $(inherited)";
				SWIFT_OPTIMIZATION_LEVEL = "-Onone";
			};
			name = Debug;
		};
		44265D352E2E68B000450F72 /* Release */ = {
			isa = XCBuildConfiguration;
			buildSettings = {
				ALWAYS_SEARCH_USER_PATHS = NO;
				ASSETCATALOG_COMPILER_GENERATE_SWIFT_ASSET_SYMBOL_EXTENSIONS = YES;
				CLANG_ANALYZER_NONNULL = YES;
				CLANG_ANALYZER_NUMBER_OBJECT_CONVERSION = YES_AGGRESSIVE;
				CLANG_CXX_LANGUAGE_STANDARD = "gnu++20";
				CLANG_ENABLE_MODULES = YES;
				CLANG_ENABLE_OBJC_ARC = YES;
				CLANG_ENABLE_OBJC_WEAK = YES;
				CLANG_WARN_BLOCK_CAPTURE_AUTORELEASING = YES;
				CLANG_WARN_BOOL_CONVERSION = YES;
				CLANG_WARN_COMMA = YES;
				CLANG_WARN_CONSTANT_CONVERSION = YES;
				CLANG_WARN_DEPRECATED_OBJC_IMPLEMENTATIONS = YES;
				CLANG_WARN_DIRECT_OBJC_ISA_USAGE = YES_ERROR;
				CLANG_WARN_DOCUMENTATION_COMMENTS = YES;
				CLANG_WARN_EMPTY_BODY = YES;
				CLANG_WARN_ENUM_CONVERSION = YES;
				CLANG_WARN_INFINITE_RECURSION = YES;
				CLANG_WARN_INT_CONVERSION = YES;
				CLANG_WARN_NON_LITERAL_NULL_CONVERSION = YES;
				CLANG_WARN_OBJC_IMPLICIT_RETAIN_SELF = YES;
				CLANG_WARN_OBJC_LITERAL_CONVERSION = YES;
				CLANG_WARN_OBJC_ROOT_CLASS = YES_ERROR;
				CLANG_WARN_QUOTED_INCLUDE_IN_FRAMEWORK_HEADER = YES;
				CLANG_WARN_RANGE_LOOP_ANALYSIS = YES;
				CLANG_WARN_STRICT_PROTOTYPES = YES;
				CLANG_WARN_SUSPICIOUS_MOVE = YES;
				CLANG_WARN_UNGUARDED_AVAILABILITY = YES_AGGRESSIVE;
				CLANG_WARN_UNREACHABLE_CODE = YES;
				CLANG_WARN__DUPLICATE_METHOD_MATCH = YES;
				COPY_PHASE_STRIP = NO;
				DEBUG_INFORMATION_FORMAT = "dwarf-with-dsym";
				ENABLE_NS_ASSERTIONS = NO;
				ENABLE_STRICT_OBJC_MSGSEND = YES;
				ENABLE_USER_SCRIPT_SANDBOXING = YES;
				GCC_C_LANGUAGE_STANDARD = gnu17;
				GCC_NO_COMMON_BLOCKS = YES;
				GCC_WARN_64_TO_32_BIT_CONVERSION = YES;
				GCC_WARN_ABOUT_RETURN_TYPE = YES_ERROR;
				GCC_WARN_UNDECLARED_SELECTOR = YES;
				GCC_WARN_UNINITIALIZED_AUTOS = YES_AGGRESSIVE;
				GCC_WARN_UNUSED_FUNCTION = YES;
				GCC_WARN_UNUSED_VARIABLE = YES;
				LOCALIZATION_PREFERS_STRING_CATALOGS = YES;
				MACOSX_DEPLOYMENT_TARGET = 15.5;
				MTL_ENABLE_DEBUG_INFO = NO;
				MTL_FAST_MATH = YES;
				SDKROOT = macosx;
				SWIFT_COMPILATION_MODE = wholemodule;
			};
			name = Release;
		};
		44265D372E2E68B000450F72 /* Debug */ = {
			isa = XCBuildConfiguration;
			buildSettings = {
				ASSETCATALOG_COMPILER_APPICON_NAME = AppIcon;
				ASSETCATALOG_COMPILER_GLOBAL_ACCENT_COLOR_NAME = AccentColor;
				CODE_SIGN_ENTITLEMENTS = "Plain Editor/Plain_Editor.entitlements";
				CODE_SIGN_STYLE = Automatic;
				COMBINE_HIDPI_IMAGES = YES;
				CURRENT_PROJECT_VERSION = 1;
				ENABLE_PREVIEWS = YES;
				GENERATE_INFOPLIST_FILE = YES;
				INFOPLIST_KEY_NSHumanReadableCopyright = "";
				LD_RUNPATH_SEARCH_PATHS = (
					"$(inherited)",
					"@executable_path/../Frameworks",
				);
				MARKETING_VERSION = 1.0;
				PRODUCT_BUNDLE_IDENTIFIER = "Kia-Karami.Plain-Editor";
				PRODUCT_NAME = "$(TARGET_NAME)";
				REGISTER_APP_GROUPS = YES;
				SWIFT_EMIT_LOC_STRINGS = YES;
				SWIFT_VERSION = 5.0;
			};
			name = Debug;
		};
		44265D382E2E68B000450F72 /* Release */ = {
			isa = XCBuildConfiguration;
			buildSettings = {
				ASSETCATALOG_COMPILER_APPICON_NAME = AppIcon;
				ASSETCATALOG_COMPILER_GLOBAL_ACCENT_COLOR_NAME = AccentColor;
				CODE_SIGN_ENTITLEMENTS = "Plain Editor/Plain_Editor.entitlements";
				CODE_SIGN_STYLE = Automatic;
				COMBINE_HIDPI_IMAGES = YES;
				CURRENT_PROJECT_VERSION = 1;
				ENABLE_PREVIEWS = YES;
				GENERATE_INFOPLIST_FILE = YES;
				INFOPLIST_KEY_NSHumanReadableCopyright = "";
				LD_RUNPATH_SEARCH_PATHS = (
					"$(inherited)",
					"@executable_path/../Frameworks",
				);
				MARKETING_VERSION = 1.0;
				PRODUCT_BUNDLE_IDENTIFIER = "Kia-Karami.Plain-Editor";
				PRODUCT_NAME = "$(TARGET_NAME)";
				REGISTER_APP_GROUPS = YES;
				SWIFT_EMIT_LOC_STRINGS = YES;
				SWIFT_VERSION = 5.0;
			};
			name = Release;
		};
		44265D3A2E2E68B000450F72 /* Debug */ = {
			isa = XCBuildConfiguration;
			buildSettings = {
				BUNDLE_LOADER = "$(TEST_HOST)";
				CODE_SIGN_STYLE = Automatic;
				CURRENT_PROJECT_VERSION = 1;
				GENERATE_INFOPLIST_FILE = YES;
				MACOSX_DEPLOYMENT_TARGET = 15.5;
				MARKETING_VERSION = 1.0;
				PRODUCT_BUNDLE_IDENTIFIER = "Kia-Karami.Plain-EditorTests";
				PRODUCT_NAME = "$(TARGET_NAME)";
				SWIFT_EMIT_LOC_STRINGS = NO;
				SWIFT_VERSION = 5.0;
				TEST_HOST = "$(BUILT_PRODUCTS_DIR)/Plain Editor.app/$(BUNDLE_EXECUTABLE_FOLDER_PATH)/Plain Editor";
			};
			name = Debug;
		};
		44265D3B2E2E68B000450F72 /* Release */ = {
			isa = XCBuildConfiguration;
			buildSettings = {
				BUNDLE_LOADER = "$(TEST_HOST)";
				CODE_SIGN_STYLE = Automatic;
				CURRENT_PROJECT_VERSION = 1;
				GENERATE_INFOPLIST_FILE = YES;
				MACOSX_DEPLOYMENT_TARGET = 15.5;
				MARKETING_VERSION = 1.0;
				PRODUCT_BUNDLE_IDENTIFIER = "Kia-Karami.Plain-EditorTests";
				PRODUCT_NAME = "$(TARGET_NAME)";
				SWIFT_EMIT_LOC_STRINGS = NO;
				SWIFT_VERSION = 5.0;
				TEST_HOST = "$(BUILT_PRODUCTS_DIR)/Plain Editor.app/$(BUNDLE_EXECUTABLE_FOLDER_PATH)/Plain Editor";
			};
			name = Release;
		};
		44265D3D2E2E68B000450F72 /* Debug */ = {
			isa = XCBuildConfiguration;
			buildSettings = {
				CODE_SIGN_STYLE = Automatic;
				CURRENT_PROJECT_VERSION = 1;
				GENERATE_INFOPLIST_FILE = YES;
				MARKETING_VERSION = 1.0;
				PRODUCT_BUNDLE_IDENTIFIER = "Kia-Karami.Plain-EditorUITests";
				PRODUCT_NAME = "$(TARGET_NAME)";
				SWIFT_EMIT_LOC_STRINGS = NO;
				SWIFT_VERSION = 5.0;
				TEST_TARGET_NAME = "Plain Editor";
			};
			name = Debug;
		};
		44265D3E2E2E68B000450F72 /* Release */ = {
			isa = XCBuildConfiguration;
			buildSettings = {
				CODE_SIGN_STYLE = Automatic;
				CURRENT_PROJECT_VERSION = 1;
				GENERATE_INFOPLIST_FILE = YES;
				MARKETING_VERSION = 1.0;
				PRODUCT_BUNDLE_IDENTIFIER = "Kia-Karami.Plain-EditorUITests";
				PRODUCT_NAME = "$(TARGET_NAME)";
				SWIFT_EMIT_LOC_STRINGS = NO;
				SWIFT_VERSION = 5.0;
				TEST_TARGET_NAME = "Plain Editor";
			};
			name = Release;
		};
/* End XCBuildConfiguration section */

/* Begin XCConfigurationList section */
		44265D0F2E2E68AF00450F72 /* Build configuration list for PBXProject "Plain Editor" */ = {
			isa = XCConfigurationList;
			buildConfigurations = (
				44265D342E2E68B000450F72 /* Debug */,
				44265D352E2E68B000450F72 /* Release */,
			);
			defaultConfigurationIsVisible = 0;
			defaultConfigurationName = Release;
		};
		44265D362E2E68B000450F72 /* Build configuration list for PBXNativeTarget "Plain Editor" */ = {
			isa = XCConfigurationList;
			buildConfigurations = (
				44265D372E2E68B000450F72 /* Debug */,
				44265D382E2E68B000450F72 /* Release */,
			);
			defaultConfigurationIsVisible = 0;
			defaultConfigurationName = Release;
		};
		44265D392E2E68B000450F72 /* Build configuration list for PBXNativeTarget "Plain EditorTests" */ = {
			isa = XCConfigurationList;
			buildConfigurations = (
				44265D3A2E2E68B000450F72 /* Debug */,
				44265D3B2E2E68B000450F72 /* Release */,
			);
			defaultConfigurationIsVisible = 0;
			defaultConfigurationName = Release;
		};
		44265D3C2E2E68B000450F72 /* Build configuration list for PBXNativeTarget "Plain EditorUITests" */ = {
			isa = XCConfigurationList;
			buildConfigurations = (
				44265D3D2E2E68B000450F72 /* Debug */,
				44265D3E2E2E68B000450F72 /* Release */,
			);
			defaultConfigurationIsVisible = 0;
			defaultConfigurationName = Release;
		};
/* End XCConfigurationList section */

/* Begin XCRemoteSwiftPackageReference section */
		44265D3F2E2E699200450F72 /* XCRemoteSwiftPackageReference "CodeEditor" */ = {
			isa = XCRemoteSwiftPackageReference;
			repositoryURL = "https://github.com/ZeeZide/CodeEditor";
			requirement = {
				kind = upToNextMajorVersion;
				minimumVersion = 1.2.6;
			};
		};
/* End XCRemoteSwiftPackageReference section */

/* Begin XCSwiftPackageProductDependency section */
		44265D402E2E699200450F72 /* CodeEditor */ = {
			isa = XCSwiftPackageProductDependency;
			package = 44265D3F2E2E699200450F72 /* XCRemoteSwiftPackageReference "CodeEditor" */;
			productName = CodeEditor;
		};
/* End XCSwiftPackageProductDependency section */
	};
	rootObject = 44265D0C2E2E68AF00450F72 /* Project object */;
}
